
Microsoft Visual Studio Solution File, Format Version 12.00
# Visual Studio Version 17
VisualStudioVersion = 17.11.35222.181
MinimumVisualStudioVersion = 10.0.40219.1
Project("{9A19103F-16F7-4668-BE54-9A1E7A4F7556}") = "ContentAPI", "ContentAPI\ContentAPI.csproj", "{AE3F1BCC-AB40-4E1B-B6AA-790581C709BA}"
EndProject
Project("{2150E333-8FDC-42A3-9474-1A3956D46DE8}") = "src", "src", "{EC531521-6232-4CEA-AD98-9D4783BCC403}"
EndProject
Project("{2150E333-8FDC-42A3-9474-1A3956D46DE8}") = "Content", "Content", "{6795F0AD-ED49-49FE-86FA-CDE8F59580BD}"
EndProject
Project("{2150E333-8FDC-42A3-9474-1A3956D46DE8}") = "User", "User", "{E99F799A-F8E0-444A-8C7C-FD3A350692CA}"
EndProject
Project("{9A19103F-16F7-4668-BE54-9A1E7A4F7556}") = "UserAPI", "UserAPI\UserAPI.csproj", "{434DF90D-F73A-4F90-904B-D86779CE2540}"
EndProject
Project("{2150E333-8FDC-42A3-9474-1A3956D46DE8}") = "Main", "Main", "{C1E8C55D-4453-44A6-897F-CC532D45EC58}"
EndProject
Project("{9A19103F-16F7-4668-BE54-9A1E7A4F7556}") = "ContentAPI.Domain", "ContentAPI.Domain\ContentAPI.Domain.csproj", "{4CA36E82-293E-4C34-B512-E219F9D8052D}"
EndProject
Project("{9A19103F-16F7-4668-BE54-9A1E7A4F7556}") = "ContentAPI.Business", "ContentAPI.Business\ContentAPI.Business.csproj", "{D25EDE88-7E1B-40F3-99DD-EEBFB1036CFC}"
EndProject
Project("{9A19103F-16F7-4668-BE54-9A1E7A4F7556}") = "UserAPI.Business", "UserAPI.Business\UserAPI.Business.csproj", "{E18D5A7A-D92C-4D9A-AD1F-6E6C2035492F}"
EndProject
Project("{9A19103F-16F7-4668-BE54-9A1E7A4F7556}") = "UserAPI.Domain", "UserAPI.Domain\UserAPI.Domain.csproj", "{ABA7228B-6646-4FEA-B7F9-6F8F7597A02D}"
EndProject
Project("{9A19103F-16F7-4668-BE54-9A1E7A4F7556}") = "Helper", "Helper\Helper.csproj", "{37D917FB-51BC-4F33-8D7B-92DFE46F07EF}"
EndProject
Project("{9A19103F-16F7-4668-BE54-9A1E7A4F7556}") = "UserAPI.TEST", "UserAPI.TEST\UserAPI.TEST.csproj", "{64D1AA8D-15B6-48E0-A800-7119CAF4FC6B}"
EndProject
Project("{FAE04EC0-301F-11D3-BF4B-00C04F79EFBC}") = "ContentAPI.TEST", "ContentAPI.TEST\ContentAPI.TEST.csproj", "{4616F4AF-C76E-41A5-A415-6FB7F727B08B}"
EndProject
Project("{E53339B2-1760-4266-BCC7-CA923CBCF16C}") = "docker-compose", "docker-compose.dcproj", "{2BDEF17A-38A1-4745-BE6E-7E2A3ACF562B}"
EndProject
Global
	GlobalSection(SolutionConfigurationPlatforms) = preSolution
		Debug|Any CPU = Debug|Any CPU
		Release|Any CPU = Release|Any CPU
	EndGlobalSection
	GlobalSection(ProjectConfigurationPlatforms) = postSolution
		{AE3F1BCC-AB40-4E1B-B6AA-790581C709BA}.Debug|Any CPU.ActiveCfg = Debug|Any CPU
		{AE3F1BCC-AB40-4E1B-B6AA-790581C709BA}.Debug|Any CPU.Build.0 = Debug|Any CPU
		{AE3F1BCC-AB40-4E1B-B6AA-790581C709BA}.Release|Any CPU.ActiveCfg = Release|Any CPU
		{AE3F1BCC-AB40-4E1B-B6AA-790581C709BA}.Release|Any CPU.Build.0 = Release|Any CPU
		{434DF90D-F73A-4F90-904B-D86779CE2540}.Debug|Any CPU.ActiveCfg = Debug|Any CPU
		{434DF90D-F73A-4F90-904B-D86779CE2540}.Debug|Any CPU.Build.0 = Debug|Any CPU
		{434DF90D-F73A-4F90-904B-D86779CE2540}.Release|Any CPU.ActiveCfg = Release|Any CPU
		{434DF90D-F73A-4F90-904B-D86779CE2540}.Release|Any CPU.Build.0 = Release|Any CPU
		{4CA36E82-293E-4C34-B512-E219F9D8052D}.Debug|Any CPU.ActiveCfg = Debug|Any CPU
		{4CA36E82-293E-4C34-B512-E219F9D8052D}.Debug|Any CPU.Build.0 = Debug|Any CPU
		{4CA36E82-293E-4C34-B512-E219F9D8052D}.Release|Any CPU.ActiveCfg = Release|Any CPU
		{4CA36E82-293E-4C34-B512-E219F9D8052D}.Release|Any CPU.Build.0 = Release|Any CPU
		{D25EDE88-7E1B-40F3-99DD-EEBFB1036CFC}.Debug|Any CPU.ActiveCfg = Debug|Any CPU
		{D25EDE88-7E1B-40F3-99DD-EEBFB1036CFC}.Debug|Any CPU.Build.0 = Debug|Any CPU
		{D25EDE88-7E1B-40F3-99DD-EEBFB1036CFC}.Release|Any CPU.ActiveCfg = Release|Any CPU
		{D25EDE88-7E1B-40F3-99DD-EEBFB1036CFC}.Release|Any CPU.Build.0 = Release|Any CPU
		{E18D5A7A-D92C-4D9A-AD1F-6E6C2035492F}.Debug|Any CPU.ActiveCfg = Debug|Any CPU
		{E18D5A7A-D92C-4D9A-AD1F-6E6C2035492F}.Debug|Any CPU.Build.0 = Debug|Any CPU
		{E18D5A7A-D92C-4D9A-AD1F-6E6C2035492F}.Release|Any CPU.ActiveCfg = Release|Any CPU
		{E18D5A7A-D92C-4D9A-AD1F-6E6C2035492F}.Release|Any CPU.Build.0 = Release|Any CPU
		{ABA7228B-6646-4FEA-B7F9-6F8F7597A02D}.Debug|Any CPU.ActiveCfg = Debug|Any CPU
		{ABA7228B-6646-4FEA-B7F9-6F8F7597A02D}.Debug|Any CPU.Build.0 = Debug|Any CPU
		{ABA7228B-6646-4FEA-B7F9-6F8F7597A02D}.Release|Any CPU.ActiveCfg = Release|Any CPU
		{ABA7228B-6646-4FEA-B7F9-6F8F7597A02D}.Release|Any CPU.Build.0 = Release|Any CPU
		{37D917FB-51BC-4F33-8D7B-92DFE46F07EF}.Debug|Any CPU.ActiveCfg = Debug|Any CPU
		{37D917FB-51BC-4F33-8D7B-92DFE46F07EF}.Debug|Any CPU.Build.0 = Debug|Any CPU
		{37D917FB-51BC-4F33-8D7B-92DFE46F07EF}.Release|Any CPU.ActiveCfg = Release|Any CPU
		{37D917FB-51BC-4F33-8D7B-92DFE46F07EF}.Release|Any CPU.Build.0 = Release|Any CPU
		{64D1AA8D-15B6-48E0-A800-7119CAF4FC6B}.Debug|Any CPU.ActiveCfg = Debug|Any CPU
		{64D1AA8D-15B6-48E0-A800-7119CAF4FC6B}.Debug|Any CPU.Build.0 = Debug|Any CPU
		{64D1AA8D-15B6-48E0-A800-7119CAF4FC6B}.Release|Any CPU.ActiveCfg = Release|Any CPU
		{64D1AA8D-15B6-48E0-A800-7119CAF4FC6B}.Release|Any CPU.Build.0 = Release|Any CPU
		{4616F4AF-C76E-41A5-A415-6FB7F727B08B}.Debug|Any CPU.ActiveCfg = Debug|Any CPU
		{4616F4AF-C76E-41A5-A415-6FB7F727B08B}.Debug|Any CPU.Build.0 = Debug|Any CPU
		{4616F4AF-C76E-41A5-A415-6FB7F727B08B}.Release|Any CPU.ActiveCfg = Release|Any CPU
		{4616F4AF-C76E-41A5-A415-6FB7F727B08B}.Release|Any CPU.Build.0 = Release|Any CPU
		{2BDEF17A-38A1-4745-BE6E-7E2A3ACF562B}.Debug|Any CPU.ActiveCfg = Debug|Any CPU
		{2BDEF17A-38A1-4745-BE6E-7E2A3ACF562B}.Debug|Any CPU.Build.0 = Debug|Any CPU
		{2BDEF17A-38A1-4745-BE6E-7E2A3ACF562B}.Release|Any CPU.ActiveCfg = Release|Any CPU
		{2BDEF17A-38A1-4745-BE6E-7E2A3ACF562B}.Release|Any CPU.Build.0 = Release|Any CPU
	EndGlobalSection
	GlobalSection(SolutionProperties) = preSolution
		HideSolutionNode = FALSE
	EndGlobalSection
	GlobalSection(NestedProjects) = preSolution
		{AE3F1BCC-AB40-4E1B-B6AA-790581C709BA} = {6795F0AD-ED49-49FE-86FA-CDE8F59580BD}
		{6795F0AD-ED49-49FE-86FA-CDE8F59580BD} = {EC531521-6232-4CEA-AD98-9D4783BCC403}
		{E99F799A-F8E0-444A-8C7C-FD3A350692CA} = {EC531521-6232-4CEA-AD98-9D4783BCC403}
		{434DF90D-F73A-4F90-904B-D86779CE2540} = {E99F799A-F8E0-444A-8C7C-FD3A350692CA}
		{C1E8C55D-4453-44A6-897F-CC532D45EC58} = {EC531521-6232-4CEA-AD98-9D4783BCC403}
		{4CA36E82-293E-4C34-B512-E219F9D8052D} = {6795F0AD-ED49-49FE-86FA-CDE8F59580BD}
		{D25EDE88-7E1B-40F3-99DD-EEBFB1036CFC} = {6795F0AD-ED49-49FE-86FA-CDE8F59580BD}
		{E18D5A7A-D92C-4D9A-AD1F-6E6C2035492F} = {E99F799A-F8E0-444A-8C7C-FD3A350692CA}
		{ABA7228B-6646-4FEA-B7F9-6F8F7597A02D} = {E99F799A-F8E0-444A-8C7C-FD3A350692CA}
		{37D917FB-51BC-4F33-8D7B-92DFE46F07EF} = {C1E8C55D-4453-44A6-897F-CC532D45EC58}
		{64D1AA8D-15B6-48E0-A800-7119CAF4FC6B} = {E99F799A-F8E0-444A-8C7C-FD3A350692CA}
		{4616F4AF-C76E-41A5-A415-6FB7F727B08B} = {6795F0AD-ED49-49FE-86FA-CDE8F59580BD}
	EndGlobalSection
	GlobalSection(ExtensibilityGlobals) = postSolution
		SolutionGuid = {BF22CC0A-8EA2-4B42-A67E-FE6A0F586E56}
	EndGlobalSection
EndGlobal
